{
  "name": "as5",
  "version": "1.0.0",
  "lockfileVersion": 1,
  "requires": true,
  "dependencies": {
    "scanf": {
      "version": "1.1.2",
      "resolved": "https://registry.npmjs.org/scanf/-/scanf-1.1.2.tgz",
      "integrity": "sha512-AjyDCF9jrLcGl+wbH2OO0vfpMUNmv6skJuuLL/vgDUmG/0YXCT6SVBTOvZXOPAD5raJLtDtUU7v0yF79JDuAqA==",
      "dev": true
    },
    "wabt": {
      "version": "1.0.29",
      "resolved": "https://registry.npmjs.org/wabt/-/wabt-1.0.29.tgz",
      "integrity": "sha512-taUwem3bYn5ZrDYSNqJ2lIAXA3t0Xon7rLjRa8PZ21h8vp0IP5SKyozcWFhv8PPC07KJkGWpDuSCnzSdJ01YsA==",
      "dev": true
    }
  }
}
